Microsoft Visual Studio Solution File, Format Version 12.00
# Visual Studio Version 17
VisualStudioVersion = 17.5.2.0
MinimumVisualStudioVersion = 10.0.40219.1
Project("{FAE04EC0-301F-11D3-BF4B-00C04F79EFBC}") = "lab3csharp25-kuzmaria", "lab3csharp25-kuzmaria.csproj", "{1B9257BF-C158-133B-868E-9669BCC938D0}"
EndProject
Global
	GlobalSection(SolutionConfigurationPlatforms) = preSolution
		Debug|Any CPU = Debug|Any CPU
		Release|Any CPU = Release|Any CPU
	EndGlobalSection
	GlobalSection(ProjectConfigurationPlatforms) = postSolution
		{1B9257BF-C158-133B-868E-9669BCC938D0}.Debug|Any CPU.ActiveCfg = Debug|Any CPU
		{1B9257BF-C158-133B-868E-9669BCC938D0}.Debug|Any CPU.Build.0 = Debug|Any CPU
		{1B9257BF-C158-133B-868E-9669BCC938D0}.Release|Any CPU.ActiveCfg = Release|Any CPU
		{1B9257BF-C158-133B-868E-9669BCC938D0}.Release|Any CPU.Build.0 = Release|Any CPU
	EndGlobalSection
	GlobalSection(SolutionProperties) = preSolution
		HideSolutionNode = FALSE
	EndGlobalSection
	GlobalSection(ExtensibilityGlobals) = postSolution
		SolutionGuid = {DCD65845-7708-45A2-8700-72591ABCD8D2}
	EndGlobalSection
EndGlobal
